// !$*UTF8*$!
{
	archiveVersion = 1;
	classes = {
	};
	objectVersion = 46;
	objects = {

/* Begin PBXBuildFile section */
		0397C9E71392156A0037BF38 /* Cocoa.framework in Frameworks */ = {isa = PBXBuildFile; fileRef = 0397C9E61392156A0037BF38 /* Cocoa.framework */; };
		0397C9F11392156A0037BF38 /* InfoPlist.strings in Resources */ = {isa = PBXBuildFile; fileRef = 0397C9EF1392156A0037BF38 /* InfoPlist.strings */; };
		0397C9F41392156A0037BF38 /* main.m in Sources */ = {isa = PBXBuildFile; fileRef = 0397C9F31392156A0037BF38 /* main.m */; };
		0397C9F71392156A0037BF38 /* Credits.rtf in Resources */ = {isa = PBXBuildFile; fileRef = 0397C9F51392156A0037BF38 /* Credits.rtf */; };
		0397C9FA1392156A0037BF38 /* MACapture.m in Sources */ = {isa = PBXBuildFile; fileRef = 0397C9F91392156A0037BF38 /* MACapture.m */; };
		0397C9FD1392156A0037BF38 /* MACapture.xib in Resources */ = {isa = PBXBuildFile; fileRef = 0397C9FB1392156A0037BF38 /* MACapture.xib */; };
		0397CA001392156A0037BF38 /* MainMenu.xib in Resources */ = {isa = PBXBuildFile; fileRef = 0397C9FE1392156A0037BF38 /* MainMenu.xib */; };
/* End PBXBuildFile section */

/* Begin PBXFileReference section */
		0397C9E21392156A0037BF38 /* MacAlyzer.app */ = {isa = PBXFileReference; explicitFileType = wrapper.application; includeInIndex = 0; path = MacAlyzer.app; sourceTree = BUILT_PRODUCTS_DIR; };
		0397C9E61392156A0037BF38 /* Cocoa.framework */ = {isa = PBXFileReference; lastKnownFileType = wrapper.framework; name = Cocoa.framework; path = System/Library/Frameworks/Cocoa.framework; sourceTree = SDKROOT; };
		0397C9E91392156A0037BF38 /* AppKit.framework */ = {isa = PBXFileReference; lastKnownFileType = wrapper.framework; name = AppKit.framework; path = System/Library/Frameworks/AppKit.framework; sourceTree = SDKROOT; };
		0397C9EA1392156A0037BF38 /* CoreData.framework */ = {isa = PBXFileReference; lastKnownFileType = wrapper.framework; name = CoreData.framework; path = System/Library/Frameworks/CoreData.framework; sourceTree = SDKROOT; };
		0397C9EB1392156A0037BF38 /* Foundation.framework */ = {isa = PBXFileReference; lastKnownFileType = wrapper.framework; name = Foundation.framework; path = System/Library/Frameworks/Foundation.framework; sourceTree = SDKROOT; };
		0397C9EE1392156A0037BF38 /* MacAlyzer-Info.plist */ = {isa = PBXFileReference; path = "MacAlyzer-Info.plist"; sourceTree = "<group>"; };
		0397C9F01392156A0037BF38 /* en */ = {isa = PBXFileReference; lastKnownFileType = text.plist.strings; name = en; path = en.lproj/InfoPlist.strings; sourceTree = "<group>"; };
		0397C9F21392156A0037BF38 /* MacAlyzer-Prefix.pch */ = {isa = PBXFileReference; path = "MacAlyzer-Prefix.pch"; sourceTree = "<group>"; };
		0397C9F31392156A0037BF38 /* main.m */ = {isa = PBXFileReference; lastKnownFileType = sourcecode.c.objc; path = main.m; sourceTree = "<group>"; };
		0397C9F61392156A0037BF38 /* en */ = {isa = PBXFileReference; lastKnownFileType = text.rtf; name = en; path = en.lproj/Credits.rtf; sourceTree = "<group>"; };
		0397C9F81392156A0037BF38 /* MACapture.h */ = {isa = PBXFileReference; path = MACapture.h; sourceTree = "<group>"; };
		0397C9F91392156A0037BF38 /* MACapture.m */ = {isa = PBXFileReference; lastKnownFileType = sourcecode.c.objc; path = MACapture.m; sourceTree = "<group>"; };
		0397C9FC1392156A0037BF38 /* en */ = {isa = PBXFileReference; lastKnownFileType = file.xib; name = en; path = en.lproj/MACapture.xib; sourceTree = "<group>"; };
		0397C9FF1392156A0037BF38 /* en */ = {isa = PBXFileReference; lastKnownFileType = file.xib; name = en; path = en.lproj/MainMenu.xib; sourceTree = "<group>"; };
/* End PBXFileReference section */

/* Begin PBXFrameworksBuildPhase section */
		0397C9DF1392156A0037BF38 /* Frameworks */ = {
			isa = PBXFrameworksBuildPhase;
			buildActionMask = 2147483647;
			files = (
				0397C9E71392156A0037BF38 /* Cocoa.framework in Frameworks */,
			);
			runOnlyForDeploymentPostprocessing = 0;
		};
/* End PBXFrameworksBuildPhase section */

/* Begin PBXGroup section */
		0397C9D71392156A0037BF38 = {
			isa = PBXGroup;
			children = (
				0397C9EC1392156A0037BF38 /* MacAlyzer */,
				0397C9E51392156A0037BF38 /* Frameworks */,
				0397C9E31392156A0037BF38 /* Products */,
			);
			sourceTree = "<group>";
		};
		0397C9E31392156A0037BF38 /* Products */ = {
			isa = PBXGroup;
			children = (
				0397C9E21392156A0037BF38 /* MacAlyzer.app */,
			);
			name = Products;
			sourceTree = "<group>";
		};
		0397C9E51392156A0037BF38 /* Frameworks */ = {
			isa = PBXGroup;
			children = (
				0397C9E61392156A0037BF38 /* Cocoa.framework */,
				0397C9E81392156A0037BF38 /* Other Frameworks */,
			);
			name = Frameworks;
			sourceTree = "<group>";
		};
		0397C9E81392156A0037BF38 /* Other Frameworks */ = {
			isa = PBXGroup;
			children = (
				0397C9E91392156A0037BF38 /* AppKit.framework */,
				0397C9EA1392156A0037BF38 /* CoreData.framework */,
				0397C9EB1392156A0037BF38 /* Foundation.framework */,
			);
			name = "Other Frameworks";
			sourceTree = "<group>";
		};
		0397C9EC1392156A0037BF38 /* MacAlyzer */ = {
			isa = PBXGroup;
			children = (
				0397C9F81392156A0037BF38 /* MACapture.h */,
				0397C9F91392156A0037BF38 /* MACapture.m */,
				0397C9FB1392156A0037BF38 /* MACapture.xib */,
				0397C9FE1392156A0037BF38 /* MainMenu.xib */,
				0397C9ED1392156A0037BF38 /* Supporting Files */,
			);
			path = MacAlyzer;
			sourceTree = "<group>";
		};
		0397C9ED1392156A0037BF38 /* Supporting Files */ = {
			isa = PBXGroup;
			children = (
				0397C9EE1392156A0037BF38 /* MacAlyzer-Info.plist */,
				0397C9EF1392156A0037BF38 /* InfoPlist.strings */,
				0397C9F21392156A0037BF38 /* MacAlyzer-Prefix.pch */,
				0397C9F31392156A0037BF38 /* main.m */,
				0397C9F51392156A0037BF38 /* Credits.rtf */,
			);
			name = "Supporting Files";
			sourceTree = "<group>";
		};
/* End PBXGroup section */

/* Begin PBXNativeTarget section */
		0397C9E11392156A0037BF38 /* MacAlyzer */ = {
			isa = PBXNativeTarget;
			buildConfigurationList = 0397CA031392156A0037BF38 /* Build configuration list for PBXNativeTarget "MacAlyzer" */;
			buildPhases = (
				0397C9DE1392156A0037BF38 /* Sources */,
				0397C9DF1392156A0037BF38 /* Frameworks */,
				0397C9E01392156A0037BF38 /* Resources */,
			);
			buildRules = (
			);
			dependencies = (
			);
			name = MacAlyzer;
			productName = MacAlyzer;
			productReference = 0397C9E21392156A0037BF38 /* MacAlyzer.app */;
			productType = "com.apple.product-type.application";
		};
/* End PBXNativeTarget section */

/* Begin PBXProject section */
		0397C9D91392156A0037BF38 /* Project object */ = {
			isa = PBXProject;
			buildConfigurationList = 0397C9DC1392156A0037BF38 /* Build configuration list for PBXProject "MacAlyzer" */;
			compatibilityVersion = "Xcode 3.2";
			developmentRegion = English;
			hasScannedForEncodings = 0;
			knownRegions = (
				en,
			);
			mainGroup = 0397C9D71392156A0037BF38;
			productRefGroup = 0397C9E31392156A0037BF38 /* Products */;
			projectDirPath = "";
			projectRoot = "";
			targets = (
				0397C9E11392156A0037BF38 /* MacAlyzer */,
			);
		};
/* End PBXProject section */

/* Begin PBXResourcesBuildPhase section */
		0397C9E01392156A0037BF38 /* Resources */ = {
			isa = PBXResourcesBuildPhase;
			buildActionMask = 2147483647;
			files = (
				0397C9F11392156A0037BF38 /* InfoPlist.strings in Resources */,
				0397C9F71392156A0037BF38 /* Credits.rtf in Resources */,
				0397C9FD1392156A0037BF38 /* MACapture.xib in Resources */,
				0397CA001392156A0037BF38 /* MainMenu.xib in Resources */,
			);
			runOnlyForDeploymentPostprocessing = 0;
		};
/* End PBXResourcesBuildPhase section */

/* Begin PBXSourcesBuildPhase section */
		0397C9DE1392156A0037BF38 /* Sources */ = {
			isa = PBXSourcesBuildPhase;
			buildActionMask = 2147483647;
			files = (
				0397C9F41392156A0037BF38 /* main.m in Sources */,
				0397C9FA1392156A0037BF38 /* MACapture.m in Sources */,
			);
			runOnlyForDeploymentPostprocessing = 0;
		};
/* End PBXSourcesBuildPhase section */

/* Begin PBXVariantGroup section */
		0397C9EF1392156A0037BF38 /* InfoPlist.strings */ = {
			isa = PBXVariantGroup;
			children = (
				0397C9F01392156A0037BF38 /* en */,
			);
			name = InfoPlist.strings;
			sourceTree = "<group>";
		};
		0397C9F51392156A0037BF38 /* Credits.rtf */ = {
			isa = PBXVariantGroup;
			children = (
				0397C9F61392156A0037BF38 /* en */,
			);
			name = Credits.rtf;
			sourceTree = "<group>";
		};
		0397C9FB1392156A0037BF38 /* MACapture.xib */ = {
			isa = PBXVariantGroup;
			children = (
				0397C9FC1392156A0037BF38 /* en */,
			);
			name = MACapture.xib;
			sourceTree = "<group>";
		};
		0397C9FE1392156A0037BF38 /* MainMenu.xib */ = {
			isa = PBXVariantGroup;
			children = (
				0397C9FF1392156A0037BF38 /* en */,
			);
			name = MainMenu.xib;
			sourceTree = "<group>";
		};
/* End PBXVariantGroup section */

/* Begin XCBuildConfiguration section */
		0397CA011392156A0037BF38 /* Debug */ = {
			isa = XCBuildConfiguration;
			buildSettings = {
				ARCHS = "$(ARCHS_STANDARD_32_64_BIT)";
				GCC_C_LANGUAGE_STANDARD = gnu99;
				GCC_OPTIMIZATION_LEVEL = 0;
				GCC_PREPROCESSOR_DEFINITIONS = DEBUG;
				GCC_SYMBOLS_PRIVATE_EXTERN = NO;
				GCC_VERSION = com.apple.compilers.llvm.clang.1_0;
				GCC_WARN_64_TO_32_BIT_CONVERSION = YES;
				GCC_WARN_ABOUT_RETURN_TYPE = YES;
				GCC_WARN_UNUSED_VARIABLE = YES;
				MACOSX_DEPLOYMENT_TARGET = 10.6;
				ONLY_ACTIVE_ARCH = YES;
				SDKROOT = macosx;
			};
			name = Debug;
		};
		0397CA021392156A0037BF38 /* Release */ = {
			isa = XCBuildConfiguration;
			buildSettings = {
				ARCHS = "$(ARCHS_STANDARD_32_64_BIT)";
				GCC_C_LANGUAGE_STANDARD = gnu99;
				GCC_VERSION = com.apple.compilers.llvm.clang.1_0;
				GCC_WARN_64_TO_32_BIT_CONVERSION = YES;
				GCC_WARN_ABOUT_RETURN_TYPE = YES;
				GCC_WARN_UNUSED_VARIABLE = YES;
				MACOSX_DEPLOYMENT_TARGET = 10.6;
				SDKROOT = macosx;
			};
			name = Release;
		};
		0397CA041392156A0037BF38 /* Debug */ = {
			isa = XCBuildConfiguration;
			buildSettings = {
				ALWAYS_SEARCH_USER_PATHS = NO;
				COPY_PHASE_STRIP = NO;
				GCC_DYNAMIC_NO_PIC = NO;
				GCC_ENABLE_OBJC_EXCEPTIONS = YES;
				GCC_PRECOMPILE_PREFIX_HEADER = YES;
				GCC_PREFIX_HEADER = "MacAlyzer/MacAlyzer-Prefix.pch";
				INFOPLIST_FILE = "MacAlyzer/MacAlyzer-Info.plist";
				PRODUCT_NAME = "$(TARGET_NAME)";
				WRAPPER_EXTENSION = app;
			};
			name = Debug;
		};
		0397CA051392156A0037BF38 /* Release */ = {
			isa = XCBuildConfiguration;
			buildSettings = {
				ALWAYS_SEARCH_USER_PATHS = NO;
				COPY_PHASE_STRIP = YES;
				DEBUG_INFORMATION_FORMAT = "dwarf-with-dsym";
				GCC_ENABLE_OBJC_EXCEPTIONS = YES;
				GCC_PRECOMPILE_PREFIX_HEADER = YES;
				GCC_PREFIX_HEADER = "MacAlyzer/MacAlyzer-Prefix.pch";
				INFOPLIST_FILE = "MacAlyzer/MacAlyzer-Info.plist";
				PRODUCT_NAME = "$(TARGET_NAME)";
				WRAPPER_EXTENSION = app;
			};
			name = Release;
		};
/* End XCBuildConfiguration section */

/* Begin XCConfigurationList section */
		0397C9DC1392156A0037BF38 /* Build configuration list for PBXProject "MacAlyzer" */ = {
			isa = XCConfigurationList;
			buildConfigurations = (
				0397CA011392156A0037BF38 /* Debug */,
				0397CA021392156A0037BF38 /* Release */,
			);
			defaultConfigurationIsVisible = 0;
			defaultConfigurationName = Release;
		};
		0397CA031392156A0037BF38 /* Build configuration list for PBXNativeTarget "MacAlyzer" */ = {
			isa = XCConfigurationList;
			buildConfigurations = (
				0397CA041392156A0037BF38 /* Debug */,
				0397CA051392156A0037BF38 /* Release */,
			);
			defaultConfigurationIsVisible = 0;
		};
/* End XCConfigurationList section */
	};
	rootObject = 0397C9D91392156A0037BF38 /* Project object */;
}
